{
  "name": "tokscale",
  "lockfileVersion": 3,
  "requires": true,
  "packages": {
    "": {
      "dependencies": {
        "@tokscale/cli-win32-x64-msvc": "4.12.0"
      }
    },
    "node_modules/@tokscale/cli-win32-x64-msvc": {
      "version": "4.12.0",
      "resolved": "https://registry.npmjs.org/@tokscale/cli-win32-x64-msvc/-/cli-win32-x64-msvc-4.12.0.tgz",
      "integrity": "sha512-gVW+Q/Y5Y7mtaOnyIbmmL4ct0fPR8Pu7Ki+mKxIzsRz/enkRiFxTBaOQ9FWipjNpgBOlM/58/+plDKkaTwYlAA==",
      "cpu": [
        "x64"
      ],
      "license": "MIT",
      "os": [
        "win32"
      ]
    }
  }
}
